
Microsoft Visual Studio Solution File, Format Version 12.00
# Visual Studio Version 17
VisualStudioVersion = 17.5.33516.290
MinimumVisualStudioVersion = 10.0.40219.1
Project("{FAE04EC0-301F-11D3-BF4B-00C04F79EFBC}") = "Rekurencyjne obliczanie silni", "Rekurencyjne obliczanie silni\Rekurencyjne obliczanie silni.csproj", "{71DA1B41-F539-451F-A57A-FE448791C871}"
EndProject
Global
	GlobalSection(SolutionConfigurationPlatforms) = preSolution
		Debug|Any CPU = Debug|Any CPU
		Release|Any CPU = Release|Any CPU
	EndGlobalSection
	GlobalSection(ProjectConfigurationPlatforms) = postSolution
		{71DA1B41-F539-451F-A57A-FE448791C871}.Debug|Any CPU.ActiveCfg = Debug|Any CPU
		{71DA1B41-F539-451F-A57A-FE448791C871}.Debug|Any CPU.Build.0 = Debug|Any CPU
		{71DA1B41-F539-451F-A57A-FE448791C871}.Release|Any CPU.ActiveCfg = Release|Any CPU
		{71DA1B41-F539-451F-A57A-FE448791C871}.Release|Any CPU.Build.0 = Release|Any CPU
	EndGlobalSection
	GlobalSection(SolutionProperties) = preSolution
		HideSolutionNode = FALSE
	EndGlobalSection
	GlobalSection(ExtensibilityGlobals) = postSolution
		SolutionGuid = {0738419A-EA39-46C1-B4AB-4072397F4C73}
	EndGlobalSection
EndGlobal
